// !$*UTF8*$!
{
	archiveVersion = 1;
	classes = {
	};
	objectVersion = 50;
	objects = {

/* Begin PBXBuildFile section */
		300B8B202161D769001697CA /* ChatViewController.swift in Sources */ = {isa = PBXBuildFile; fileRef = 300B8B1F2161D769001697CA /* ChatViewController.swift */; };
		30825124216178BC00106C5F /* AppDelegate.swift in Sources */ = {isa = PBXBuildFile; fileRef = 30825123216178BC00106C5F /* AppDelegate.swift */; };
		30825129216178BC00106C5F /* Main.storyboard in Resources */ = {isa = PBXBuildFile; fileRef = 30825127216178BC00106C5F /* Main.storyboard */; };
		3082512B216178BF00106C5F /* Assets.xcassets in Resources */ = {isa = PBXBuildFile; fileRef = 3082512A216178BF00106C5F /* Assets.xcassets */; };
		3082512E216178BF00106C5F /* LaunchScreen.storyboard in Resources */ = {isa = PBXBuildFile; fileRef = 3082512C216178BF00106C5F /* LaunchScreen.storyboard */; };
		30825139216178BF00106C5F /* ParseChatTests.swift in Sources */ = {isa = PBXBuildFile; fileRef = 30825138216178BF00106C5F /* ParseChatTests.swift */; };
		30825144216178BF00106C5F /* ParseChatUITests.swift in Sources */ = {isa = PBXBuildFile; fileRef = 30825143216178BF00106C5F /* ParseChatUITests.swift */; };
		30F9F51A2161B91F002F6411 /* LoginViewController.swift in Sources */ = {isa = PBXBuildFile; fileRef = 30F9F5192161B91F002F6411 /* LoginViewController.swift */; };
		370EDA0F2DCC2408C1151FE3 /* Pods_ParseChatUITests.framework in Frameworks */ = {isa = PBXBuildFile; fileRef = BA04C5545FAC355AA031DEEE /* Pods_ParseChatUITests.framework */; };
		ABD7AA0126950CDFF546B7FB /* Pods_ParseChatTests.framework in Frameworks */ = {isa = PBXBuildFile; fileRef = 4D093F3CBC88656B44EBBA06 /* Pods_ParseChatTests.framework */; };
		DD7A6E573D14914FBE4ABA7F /* Pods_ParseChat.framework in Frameworks */ = {isa = PBXBuildFile; fileRef = FD926727826CF428DB718A93 /* Pods_ParseChat.framework */; };
/* End PBXBuildFile section */

/* Begin PBXContainerItemProxy section */
		30825135216178BF00106C5F /* PBXContainerItemProxy */ = {
			isa = PBXContainerItemProxy;
			containerPortal = 30825118216178BC00106C5F /* Project object */;
			proxyType = 1;
			remoteGlobalIDString = 3082511F216178BC00106C5F;
			remoteInfo = ParseChat;
		};
		30825140216178BF00106C5F /* PBXContainerItemProxy */ = {
			isa = PBXContainerItemProxy;
			containerPortal = 30825118216178BC00106C5F /* Project object */;
			proxyType = 1;
			remoteGlobalIDString = 3082511F216178BC00106C5F;
			remoteInfo = ParseChat;
		};
/* End PBXContainerItemProxy section */

/* Begin PBXFileReference section */
		300B8B1F2161D769001697CA /* ChatViewController.swift */ = {isa = PBXFileReference; lastKnownFileType = sourcecode.swift; path = ChatViewController.swift; sourceTree = "<group>"; };
		30825120216178BC00106C5F /* ParseChat.app */ = {isa = PBXFileReference; explicitFileType = wrapper.application; includeInIndex = 0; path = ParseChat.app; sourceTree = BUILT_PRODUCTS_DIR; };
		30825123216178BC00106C5F /* AppDelegate.swift */ = {isa = PBXFileReference; lastKnownFileType = sourcecode.swift; path = AppDelegate.swift; sourceTree = "<group>"; };
		30825128216178BC00106C5F /* Base */ = {isa = PBXFileReference; lastKnownFileType = file.storyboard; name = Base; path = Base.lproj/Main.storyboard; sourceTree = "<group>"; };
		3082512A216178BF00106C5F /* Assets.xcassets */ = {isa = PBXFileReference; lastKnownFileType = folder.assetcatalog; path = Assets.xcassets; sourceTree = "<group>"; };
		3082512D216178BF00106C5F /* Base */ = {isa = PBXFileReference; lastKnownFileType = file.storyboard; name = Base; path = Base.lproj/LaunchScreen.storyboard; sourceTree = "<group>"; };
		3082512F216178BF00106C5F /* Info.plist */ = {isa = PBXFileReference; lastKnownFileType = text.plist.xml; path = Info.plist; sourceTree = "<group>"; };
		30825134216178BF00106C5F /* ParseChatTests.xctest */ = {isa = PBXFileReference; explicitFileType = wrapper.cfbundle; includeInIndex = 0; path = ParseChatTests.xctest; sourceTree = BUILT_PRODUCTS_DIR; };
		30825138216178BF00106C5F /* ParseChatTests.swift */ = {isa = PBXFileReference; lastKnownFileType = sourcecode.swift; path = ParseChatTests.swift; sourceTree = "<group>"; };
		3082513A216178BF00106C5F /* Info.plist */ = {isa = PBXFileReference; lastKnownFileType = text.plist.xml; path = Info.plist; sourceTree = "<group>"; };
		3082513F216178BF00106C5F /* ParseChatUITests.xctest */ = {isa = PBXFileReference; explicitFileType = wrapper.cfbundle; includeInIndex = 0; path = ParseChatUITests.xctest; sourceTree = BUILT_PRODUCTS_DIR; };
		30825143216178BF00106C5F /* ParseChatUITests.swift */ = {isa = PBXFileReference; lastKnownFileType = sourcecode.swift; path = ParseChatUITests.swift; sourceTree = "<group>"; };
		30825145216178BF00106C5F /* Info.plist */ = {isa = PBXFileReference; lastKnownFileType = text.plist.xml; path = Info.plist; sourceTree = "<group>"; };
		30F9F5192161B91F002F6411 /* LoginViewController.swift */ = {isa = PBXFileReference; lastKnownFileType = sourcecode.swift; path = LoginViewController.swift; sourceTree = "<group>"; };
		39D25C9B3036F1D00F0731D7 /* Pods-ParseChat.debug.xcconfig */ = {isa = PBXFileReference; includeInIndex = 1; lastKnownFileType = text.xcconfig; name = "Pods-ParseChat.debug.xcconfig"; path = "Pods/Target Support Files/Pods-ParseChat/Pods-ParseChat.debug.xcconfig"; sourceTree = "<group>"; };
		4D093F3CBC88656B44EBBA06 /* Pods_ParseChatTests.framework */ = {isa = PBXFileReference; explicitFileType = wrapper.framework; includeInIndex = 0; path = Pods_ParseChatTests.framework; sourceTree = BUILT_PRODUCTS_DIR; };
		691B70D77734854A9E841A89 /* Pods-ParseChatTests.release.xcconfig */ = {isa = PBXFileReference; includeInIndex = 1; lastKnownFileType = text.xcconfig; name = "Pods-ParseChatTests.release.xcconfig"; path = "Pods/Target Support Files/Pods-ParseChatTests/Pods-ParseChatTests.release.xcconfig"; sourceTree = "<group>"; };
		87AB874B7177233A7202A19E /* Pods-ParseChatUITests.release.xcconfig */ = {isa = PBXFileReference; includeInIndex = 1; lastKnownFileType = text.xcconfig; name = "Pods-ParseChatUITests.release.xcconfig"; path = "Pods/Target Support Files/Pods-ParseChatUITests/Pods-ParseChatUITests.release.xcconfig"; sourceTree = "<group>"; };
		8EC356484878C5E90409FCAC /* Pods-ParseChatUITests.debug.xcconfig */ = {isa = PBXFileReference; includeInIndex = 1; lastKnownFileType = text.xcconfig; name = "Pods-ParseChatUITests.debug.xcconfig"; path = "Pods/Target Support Files/Pods-ParseChatUITests/Pods-ParseChatUITests.debug.xcconfig"; sourceTree = "<group>"; };
		BA04C5545FAC355AA031DEEE /* Pods_ParseChatUITests.framework */ = {isa = PBXFileReference; explicitFileType = wrapper.framework; includeInIndex = 0; path = Pods_ParseChatUITests.framework; sourceTree = BUILT_PRODUCTS_DIR; };
		FD6ABFE5E6F5D759BD2437AF /* Pods-ParseChatTests.debug.xcconfig */ = {isa = PBXFileReference; includeInIndex = 1; lastKnownFileType = text.xcconfig; name = "Pods-ParseChatTests.debug.xcconfig"; path = "Pods/Target Support Files/Pods-ParseChatTests/Pods-ParseChatTests.debug.xcconfig"; sourceTree = "<group>"; };
		FD75298DEEFC182CC396F3E8 /* Pods-ParseChat.release.xcconfig */ = {isa = PBXFileReference; includeInIndex = 1; lastKnownFileType = text.xcconfig; name = "Pods-ParseChat.release.xcconfig"; path = "Pods/Target Support Files/Pods-ParseChat/Pods-ParseChat.release.xcconfig"; sourceTree = "<group>"; };
		FD926727826CF428DB718A93 /* Pods_ParseChat.framework */ = {isa = PBXFileReference; explicitFileType = wrapper.framework; includeInIndex = 0; path = Pods_ParseChat.framework; sourceTree = BUILT_PRODUCTS_DIR; };
/* End PBXFileReference section */

/* Begin PBXFrameworksBuildPhase section */
		3082511D216178BC00106C5F /* Frameworks */ = {
			isa = PBXFrameworksBuildPhase;
			buildActionMask = 2147483647;
			files = (
				DD7A6E573D14914FBE4ABA7F /* Pods_ParseChat.framework in Frameworks */,
			);
			runOnlyForDeploymentPostprocessing = 0;
		};
		30825131216178BF00106C5F /* Frameworks */ = {
			isa = PBXFrameworksBuildPhase;
			buildActionMask = 2147483647;
			files = (
				ABD7AA0126950CDFF546B7FB /* Pods_ParseChatTests.framework in Frameworks */,
			);
			runOnlyForDeploymentPostprocessing = 0;
		};
		3082513C216178BF00106C5F /* Frameworks */ = {
			isa = PBXFrameworksBuildPhase;
			buildActionMask = 2147483647;
			files = (
				370EDA0F2DCC2408C1151FE3 /* Pods_ParseChatUITests.framework in Frameworks */,
			);
			runOnlyForDeploymentPostprocessing = 0;
		};
/* End PBXFrameworksBuildPhase section */

/* Begin PBXGroup section */
		30825117216178BC00106C5F = {
			isa = PBXGroup;
			children = (
				30825122216178BC00106C5F /* ParseChat */,
				30825137216178BF00106C5F /* ParseChatTests */,
				30825142216178BF00106C5F /* ParseChatUITests */,
				30825121216178BC00106C5F /* Products */,
				B51052882583B242CE974880 /* Pods */,
				D644074BCEE893D0E42E7EA7 /* Frameworks */,
			);
			sourceTree = "<group>";
		};
		30825121216178BC00106C5F /* Products */ = {
			isa = PBXGroup;
			children = (
				30825120216178BC00106C5F /* ParseChat.app */,
				30825134216178BF00106C5F /* ParseChatTests.xctest */,
				3082513F216178BF00106C5F /* ParseChatUITests.xctest */,
			);
			name = Products;
			sourceTree = "<group>";
		};
		30825122216178BC00106C5F /* ParseChat */ = {
			isa = PBXGroup;
			children = (
				30FDB98621618ED900DACB19 /* ViewControllers */,
				30825123216178BC00106C5F /* AppDelegate.swift */,
				30825127216178BC00106C5F /* Main.storyboard */,
				3082512A216178BF00106C5F /* Assets.xcassets */,
				3082512C216178BF00106C5F /* LaunchScreen.storyboard */,
				3082512F216178BF00106C5F /* Info.plist */,
			);
			path = ParseChat;
			sourceTree = "<group>";
		};
		30825137216178BF00106C5F /* ParseChatTests */ = {
			isa = PBXGroup;
			children = (
				30825138216178BF00106C5F /* ParseChatTests.swift */,
				3082513A216178BF00106C5F /* Info.plist */,
			);
			path = ParseChatTests;
			sourceTree = "<group>";
		};
		30825142216178BF00106C5F /* ParseChatUITests */ = {
			isa = PBXGroup;
			children = (
				30825143216178BF00106C5F /* ParseChatUITests.swift */,
				30825145216178BF00106C5F /* Info.plist */,
			);
			path = ParseChatUITests;
			sourceTree = "<group>";
		};
		30FDB98621618ED900DACB19 /* ViewControllers */ = {
			isa = PBXGroup;
			children = (
				30F9F5192161B91F002F6411 /* LoginViewController.swift */,
				300B8B1F2161D769001697CA /* ChatViewController.swift */,
			);
			path = ViewControllers;
			sourceTree = "<group>";
		};
		B51052882583B242CE974880 /* Pods */ = {
			isa = PBXGroup;
			children = (
				39D25C9B3036F1D00F0731D7 /* Pods-ParseChat.debug.xcconfig */,
				FD75298DEEFC182CC396F3E8 /* Pods-ParseChat.release.xcconfig */,
				FD6ABFE5E6F5D759BD2437AF /* Pods-ParseChatTests.debug.xcconfig */,
				691B70D77734854A9E841A89 /* Pods-ParseChatTests.release.xcconfig */,
				8EC356484878C5E90409FCAC /* Pods-ParseChatUITests.debug.xcconfig */,
				87AB874B7177233A7202A19E /* Pods-ParseChatUITests.release.xcconfig */,
			);
			name = Pods;
			sourceTree = "<group>";
		};
		D644074BCEE893D0E42E7EA7 /* Frameworks */ = {
			isa = PBXGroup;
			children = (
				FD926727826CF428DB718A93 /* Pods_ParseChat.framework */,
				4D093F3CBC88656B44EBBA06 /* Pods_ParseChatTests.framework */,
				BA04C5545FAC355AA031DEEE /* Pods_ParseChatUITests.framework */,
			);
			name = Frameworks;
			sourceTree = "<group>";
		};
/* End PBXGroup section */

/* Begin PBXNativeTarget section */
		3082511F216178BC00106C5F /* ParseChat */ = {
			isa = PBXNativeTarget;
			buildConfigurationList = 30825148216178BF00106C5F /* Build configuration list for PBXNativeTarget "ParseChat" */;
			buildPhases = (
				0752DB2DF7CA07E35D1A9752 /* [CP] Check Pods Manifest.lock */,
				3082511C216178BC00106C5F /* Sources */,
				3082511D216178BC00106C5F /* Frameworks */,
				3082511E216178BC00106C5F /* Resources */,
				5265CF3BF020027C20D73044 /* [CP] Embed Pods Frameworks */,
			);
			buildRules = (
			);
			dependencies = (
			);
			name = ParseChat;
			productName = ParseChat;
			productReference = 30825120216178BC00106C5F /* ParseChat.app */;
			productType = "com.apple.product-type.application";
		};
		30825133216178BF00106C5F /* ParseChatTests */ = {
			isa = PBXNativeTarget;
			buildConfigurationList = 3082514B216178BF00106C5F /* Build configuration list for PBXNativeTarget "ParseChatTests" */;
			buildPhases = (
				31FB90D2FAC773C343A57E7B /* [CP] Check Pods Manifest.lock */,
				30825130216178BF00106C5F /* Sources */,
				30825131216178BF00106C5F /* Frameworks */,
				30825132216178BF00106C5F /* Resources */,
			);
			buildRules = (
			);
			dependencies = (
				30825136216178BF00106C5F /* PBXTargetDependency */,
			);
			name = ParseChatTests;
			productName = ParseChatTests;
			productReference = 30825134216178BF00106C5F /* ParseChatTests.xctest */;
			productType = "com.apple.product-type.bundle.unit-test";
		};
		3082513E216178BF00106C5F /* ParseChatUITests */ = {
			isa = PBXNativeTarget;
			buildConfigurationList = 3082514E216178BF00106C5F /* Build configuration list for PBXNativeTarget "ParseChatUITests" */;
			buildPhases = (
				6F68B0B2FC8DFB2B625C85CF /* [CP] Check Pods Manifest.lock */,
				3082513B216178BF00106C5F /* Sources */,
				3082513C216178BF00106C5F /* Frameworks */,
				3082513D216178BF00106C5F /* Resources */,
			);
			buildRules = (
			);
			dependencies = (
				30825141216178BF00106C5F /* PBXTargetDependency */,
			);
			name = ParseChatUITests;
			productName = ParseChatUITests;
			productReference = 3082513F216178BF00106C5F /* ParseChatUITests.xctest */;
			productType = "com.apple.product-type.bundle.ui-testing";
		};
/* End PBXNativeTarget section */

/* Begin PBXProject section */
		30825118216178BC00106C5F /* Project object */ = {
			isa = PBXProject;
			attributes = {
				LastSwiftUpdateCheck = 0940;
				LastUpgradeCheck = 0940;
				ORGANIZATIONNAME = "Danny Rivera";
				TargetAttributes = {
					3082511F216178BC00106C5F = {
						CreatedOnToolsVersion = 9.4.1;
					};
					30825133216178BF00106C5F = {
						CreatedOnToolsVersion = 9.4.1;
						TestTargetID = 3082511F216178BC00106C5F;
					};
					3082513E216178BF00106C5F = {
						CreatedOnToolsVersion = 9.4.1;
						TestTargetID = 3082511F216178BC00106C5F;
					};
				};
			};
			buildConfigurationList = 3082511B216178BC00106C5F /* Build configuration list for PBXProject "ParseChat" */;
			compatibilityVersion = "Xcode 9.3";
			developmentRegion = en;
			hasScannedForEncodings = 0;
			knownRegions = (
				en,
				Base,
			);
			mainGroup = 30825117216178BC00106C5F;
			productRefGroup = 30825121216178BC00106C5F /* Products */;
			projectDirPath = "";
			projectRoot = "";
			targets = (
				3082511F216178BC00106C5F /* ParseChat */,
				30825133216178BF00106C5F /* ParseChatTests */,
				3082513E216178BF00106C5F /* ParseChatUITests */,
			);
		};
/* End PBXProject section */

/* Begin PBXResourcesBuildPhase section */
		3082511E216178BC00106C5F /* Resources */ = {
			isa = PBXResourcesBuildPhase;
			buildActionMask = 2147483647;
			files = (
				3082512E216178BF00106C5F /* LaunchScreen.storyboard in Resources */,
				3082512B216178BF00106C5F /* Assets.xcassets in Resources */,
				30825129216178BC00106C5F /* Main.storyboard in Resources */,
			);
			runOnlyForDeploymentPostprocessing = 0;
		};
		30825132216178BF00106C5F /* Resources */ = {
			isa = PBXResourcesBuildPhase;
			buildActionMask = 2147483647;
			files = (
			);
			runOnlyForDeploymentPostprocessing = 0;
		};
		3082513D216178BF00106C5F /* Resources */ = {
			isa = PBXResourcesBuildPhase;
			buildActionMask = 2147483647;
			files = (
			);
			runOnlyForDeploymentPostprocessing = 0;
		};
/* End PBXResourcesBuildPhase section */

/* Begin PBXShellScriptBuildPhase section */
		0752DB2DF7CA07E35D1A9752 /* [CP] Check Pods Manifest.lock */ = {
			isa = PBXShellScriptBuildPhase;
			buildActionMask = 2147483647;
			files = (
			);
			inputPaths = (
				"${PODS_PODFILE_DIR_PATH}/Podfile.lock",
				"${PODS_ROOT}/Manifest.lock",
			);
			name = "[CP] Check Pods Manifest.lock";
			outputPaths = (
				"$(DERIVED_FILE_DIR)/Pods-ParseChat-checkManifestLockResult.txt",
			);
			runOnlyForDeploymentPostprocessing = 0;
			shellPath = /bin/sh;
			shellScript = "diff \"${PODS_PODFILE_DIR_PATH}/Podfile.lock\" \"${PODS_ROOT}/Manifest.lock\" > /dev/null\nif [ $? != 0 ] ; then\n    # print error to STDERR\n    echo \"error: The sandbox is not in sync with the Podfile.lock. Run 'pod install' or update your CocoaPods installation.\" >&2\n    exit 1\nfi\n# This output is used by Xcode 'outputs' to avoid re-running this script phase.\necho \"SUCCESS\" > \"${SCRIPT_OUTPUT_FILE_0}\"\n";
			showEnvVarsInLog = 0;
		};
		31FB90D2FAC773C343A57E7B /* [CP] Check Pods Manifest.lock */ = {
			isa = PBXShellScriptBuildPhase;
			buildActionMask = 2147483647;
			files = (
			);
			inputPaths = (
				"${PODS_PODFILE_DIR_PATH}/Podfile.lock",
				"${PODS_ROOT}/Manifest.lock",
			);
			name = "[CP] Check Pods Manifest.lock";
			outputPaths = (
				"$(DERIVED_FILE_DIR)/Pods-ParseChatTests-checkManifestLockResult.txt",
			);
			runOnlyForDeploymentPostprocessing = 0;
			shellPath = /bin/sh;
			shellScript = "diff \"${PODS_PODFILE_DIR_PATH}/Podfile.lock\" \"${PODS_ROOT}/Manifest.lock\" > /dev/null\nif [ $? != 0 ] ; then\n    # print error to STDERR\n    echo \"error: The sandbox is not in sync with the Podfile.lock. Run 'pod install' or update your CocoaPods installation.\" >&2\n    exit 1\nfi\n# This output is used by Xcode 'outputs' to avoid re-running this script phase.\necho \"SUCCESS\" > \"${SCRIPT_OUTPUT_FILE_0}\"\n";
			showEnvVarsInLog = 0;
		};
		5265CF3BF020027C20D73044 /* [CP] Embed Pods Frameworks */ = {
			isa = PBXShellScriptBuildPhase;
			buildActionMask = 2147483647;
			files = (
			);
			inputPaths = (
				"${SRCROOT}/Pods/Target Support Files/Pods-ParseChat/Pods-ParseChat-frameworks.sh",
				"${BUILT_PRODUCTS_DIR}/Bolts/Bolts.framework",
				"${BUILT_PRODUCTS_DIR}/Parse/Parse.framework",
			);
			name = "[CP] Embed Pods Frameworks";
			outputPaths = (
				"${TARGET_BUILD_DIR}/${FRAMEWORKS_FOLDER_PATH}/Bolts.framework",
				"${TARGET_BUILD_DIR}/${FRAMEWORKS_FOLDER_PATH}/Parse.framework",
			);
			runOnlyForDeploymentPostprocessing = 0;
			shellPath = /bin/sh;
			shellScript = "\"${SRCROOT}/Pods/Target Support Files/Pods-ParseChat/Pods-ParseChat-frameworks.sh\"\n";
			showEnvVarsInLog = 0;
		};
		6F68B0B2FC8DFB2B625C85CF /* [CP] Check Pods Manifest.lock */ = {
			isa = PBXShellScriptBuildPhase;
			buildActionMask = 2147483647;
			files = (
			);
			inputPaths = (
				"${PODS_PODFILE_DIR_PATH}/Podfile.lock",
				"${PODS_ROOT}/Manifest.lock",
			);
			name = "[CP] Check Pods Manifest.lock";
			outputPaths = (
				"$(DERIVED_FILE_DIR)/Pods-ParseChatUITests-checkManifestLockResult.txt",
			);
			runOnlyForDeploymentPostprocessing = 0;
			shellPath = /bin/sh;
			shellScript = "diff \"${PODS_PODFILE_DIR_PATH}/Podfile.lock\" \"${PODS_ROOT}/Manifest.lock\" > /dev/null\nif [ $? != 0 ] ; then\n    # print error to STDERR\n    echo \"error: The sandbox is not in sync with the Podfile.lock. Run 'pod install' or update your CocoaPods installation.\" >&2\n    exit 1\nfi\n# This output is used by Xcode 'outputs' to avoid re-running this script phase.\necho \"SUCCESS\" > \"${SCRIPT_OUTPUT_FILE_0}\"\n";
			showEnvVarsInLog = 0;
		};
/* End PBXShellScriptBuildPhase section */

/* Begin PBXSourcesBuildPhase section */
		3082511C216178BC00106C5F /* Sources */ = {
			isa = PBXSourcesBuildPhase;
			buildActionMask = 2147483647;
			files = (
				30F9F51A2161B91F002F6411 /* LoginViewController.swift in Sources */,
				300B8B202161D769001697CA /* ChatViewController.swift in Sources */,
				30825124216178BC00106C5F /* AppDelegate.swift in Sources */,
			);
			runOnlyForDeploymentPostprocessing = 0;
		};
		30825130216178BF00106C5F /* Sources */ = {
			isa = PBXSourcesBuildPhase;
			buildActionMask = 2147483647;
			files = (
				30825139216178BF00106C5F /* ParseChatTests.swift in Sources */,
			);
			runOnlyForDeploymentPostprocessing = 0;
		};
		3082513B216178BF00106C5F /* Sources */ = {
			isa = PBXSourcesBuildPhase;
			buildActionMask = 2147483647;
			files = (
				30825144216178BF00106C5F /* ParseChatUITests.swift in Sources */,
			);
			runOnlyForDeploymentPostprocessing = 0;
		};
/* End PBXSourcesBuildPhase section */

/* Begin PBXTargetDependency section */
		30825136216178BF00106C5F /* PBXTargetDependency */ = {
			isa = PBXTargetDependency;
			target = 3082511F216178BC00106C5F /* ParseChat */;
			targetProxy = 30825135216178BF00106C5F /* PBXContainerItemProxy */;
		};
		30825141216178BF00106C5F /* PBXTargetDependency */ = {
			isa = PBXTargetDependency;
			target = 3082511F216178BC00106C5F /* ParseChat */;
			targetProxy = 30825140216178BF00106C5F /* PBXContainerItemProxy */;
		};
/* End PBXTargetDependency section */

/* Begin PBXVariantGroup section */
		30825127216178BC00106C5F /* Main.storyboard */ = {
			isa = PBXVariantGroup;
			children = (
				30825128216178BC00106C5F /* Base */,
			);
			name = Main.storyboard;
			sourceTree = "<group>";
		};
		3082512C216178BF00106C5F /* LaunchScreen.storyboard */ = {
			isa = PBXVariantGroup;
			children = (
				3082512D216178BF00106C5F /* Base */,
			);
			name = LaunchScreen.storyboard;
			sourceTree = "<group>";
		};
/* End PBXVariantGroup section */

/* Begin XCBuildConfiguration section */
		30825146216178BF00106C5F /* Debug */ = {
			isa = XCBuildConfiguration;
			buildSettings = {
				ALWAYS_SEARCH_USER_PATHS = NO;
				CLANG_ANALYZER_NONNULL = YES;
				CLANG_ANALYZER_NUMBER_OBJECT_CONVERSION = YES_AGGRESSIVE;
				CLANG_CXX_LANGUAGE_STANDARD = "gnu++14";
				CLANG_CXX_LIBRARY = "libc++";
				CLANG_ENABLE_MODULES = YES;
				CLANG_ENABLE_OBJC_ARC = YES;
				CLANG_ENABLE_OBJC_WEAK = YES;
				CLANG_WARN_BLOCK_CAPTURE_AUTORELEASING = YES;
				CLANG_WARN_BOOL_CONVERSION = YES;
				CLANG_WARN_COMMA = YES;
				CLANG_WARN_CONSTANT_CONVERSION = YES;
				CLANG_WARN_DEPRECATED_OBJC_IMPLEMENTATIONS = YES;
				CLANG_WARN_DIRECT_OBJC_ISA_USAGE = YES_ERROR;
				CLANG_WARN_DOCUMENTATION_COMMENTS = YES;
				CLANG_WARN_EMPTY_BODY = YES;
				CLANG_WARN_ENUM_CONVERSION = YES;
				CLANG_WARN_INFINITE_RECURSION = YES;
				CLANG_WARN_INT_CONVERSION = YES;
				CLANG_WARN_NON_LITERAL_NULL_CONVERSION = YES;
				CLANG_WARN_OBJC_IMPLICIT_RETAIN_SELF = YES;
				CLANG_WARN_OBJC_LITERAL_CONVERSION = YES;
				CLANG_WARN_OBJC_ROOT_CLASS = YES_ERROR;
				CLANG_WARN_RANGE_LOOP_ANALYSIS = YES;
				CLANG_WARN_STRICT_PROTOTYPES = YES;
				CLANG_WARN_SUSPICIOUS_MOVE = YES;
				CLANG_WARN_UNGUARDED_AVAILABILITY = YES_AGGRESSIVE;
				CLANG_WARN_UNREACHABLE_CODE = YES;
				CLANG_WARN__DUPLICATE_METHOD_MATCH = YES;
				CODE_SIGN_IDENTITY = "iPhone Developer";
				COPY_PHASE_STRIP = NO;
				DEBUG_INFORMATION_FORMAT = dwarf;
				ENABLE_STRICT_OBJC_MSGSEND = YES;
				ENABLE_TESTABILITY = YES;
				GCC_C_LANGUAGE_STANDARD = gnu11;
				GCC_DYNAMIC_NO_PIC = NO;
				GCC_NO_COMMON_BLOCKS = YES;
				GCC_OPTIMIZATION_LEVEL = 0;
				GCC_PREPROCESSOR_DEFINITIONS = (
					"DEBUG=1",
					"$(inherited)",
				);
				GCC_WARN_64_TO_32_BIT_CONVERSION = YES;
				GCC_WARN_ABOUT_RETURN_TYPE = YES_ERROR;
				GCC_WARN_UNDECLARED_SELECTOR = YES;
				GCC_WARN_UNINITIALIZED_AUTOS = YES_AGGRESSIVE;
				GCC_WARN_UNUSED_FUNCTION = YES;
				GCC_WARN_UNUSED_VARIABLE = YES;
				IPHONEOS_DEPLOYMENT_TARGET = 11.4;
				MTL_ENABLE_DEBUG_INFO = YES;
				ONLY_ACTIVE_ARCH = YES;
				SDKROOT = iphoneos;
				SWIFT_ACTIVE_COMPILATION_CONDITIONS = DEBUG;
				SWIFT_OPTIMIZATION_LEVEL = "-Onone";
			};
			name = Debug;
		};
		30825147216178BF00106C5F /* Release */ = {
			isa = XCBuildConfiguration;
			buildSettings = {
				ALWAYS_SEARCH_USER_PATHS = NO;
				CLANG_ANALYZER_NONNULL = YES;
				CLANG_ANALYZER_NUMBER_OBJECT_CONVERSION = YES_AGGRESSIVE;
				CLANG_CXX_LANGUAGE_STANDARD = "gnu++14";
				CLANG_CXX_LIBRARY = "libc++";
				CLANG_ENABLE_MODULES = YES;
				CLANG_ENABLE_OBJC_ARC = YES;
				CLANG_ENABLE_OBJC_WEAK = YES;
				CLANG_WARN_BLOCK_CAPTURE_AUTORELEASING = YES;
				CLANG_WARN_BOOL_CONVERSION = YES;
				CLANG_WARN_COMMA = YES;
				CLANG_WARN_CONSTANT_CONVERSION = YES;
				CLANG_WARN_DEPRECATED_OBJC_IMPLEMENTATIONS = YES;
				CLANG_WARN_DIRECT_OBJC_ISA_USAGE = YES_ERROR;
				CLANG_WARN_DOCUMENTATION_COMMENTS = YES;
				CLANG_WARN_EMPTY_BODY = YES;
				CLANG_WARN_ENUM_CONVERSION = YES;
				CLANG_WARN_INFINITE_RECURSION = YES;
				CLANG_WARN_INT_CONVERSION = YES;
				CLANG_WARN_NON_LITERAL_NULL_CONVERSION = YES;
				CLANG_WARN_OBJC_IMPLICIT_RETAIN_SELF = YES;
				CLANG_WARN_OBJC_LITERAL_CONVERSION = YES;
				CLANG_WARN_OBJC_ROOT_CLASS = YES_ERROR;
				CLANG_WARN_RANGE_LOOP_ANALYSIS = YES;
				CLANG_WARN_STRICT_PROTOTYPES = YES;
				CLANG_WARN_SUSPICIOUS_MOVE = YES;
				CLANG_WARN_UNGUARDED_AVAILABILITY = YES_AGGRESSIVE;
				CLANG_WARN_UNREACHABLE_CODE = YES;
				CLANG_WARN__DUPLICATE_METHOD_MATCH = YES;
				CODE_SIGN_IDENTITY = "iPhone Developer";
				COPY_PHASE_STRIP = NO;
				DEBUG_INFORMATION_FORMAT = "dwarf-with-dsym";
				ENABLE_NS_ASSERTIONS = NO;
				ENABLE_STRICT_OBJC_MSGSEND = YES;
				GCC_C_LANGUAGE_STANDARD = gnu11;
				GCC_NO_COMMON_BLOCKS = YES;
				GCC_WARN_64_TO_32_BIT_CONVERSION = YES;
				GCC_WARN_ABOUT_RETURN_TYPE = YES_ERROR;
				GCC_WARN_UNDECLARED_SELECTOR = YES;
				GCC_WARN_UNINITIALIZED_AUTOS = YES_AGGRESSIVE;
				GCC_WARN_UNUSED_FUNCTION = YES;
				GCC_WARN_UNUSED_VARIABLE = YES;
				IPHONEOS_DEPLOYMENT_TARGET = 11.4;
				MTL_ENABLE_DEBUG_INFO = NO;
				SDKROOT = iphoneos;
				SWIFT_COMPILATION_MODE = wholemodule;
				SWIFT_OPTIMIZATION_LEVEL = "-O";
				VALIDATE_PRODUCT = YES;
			};
			name = Release;
		};
		30825149216178BF00106C5F /* Debug */ = {
			isa = XCBuildConfiguration;
			baseConfigurationReference = 39D25C9B3036F1D00F0731D7 /* Pods-ParseChat.debug.xcconfig */;
			buildSettings = {
				ASSETCATALOG_COMPILER_APPICON_NAME = AppIcon;
				CODE_SIGN_STYLE = Automatic;
				INFOPLIST_FILE = ParseChat/Info.plist;
				LD_RUNPATH_SEARCH_PATHS = (
					"$(inherited)",
					"@executable_path/Frameworks",
				);
				PRODUCT_BUNDLE_IDENTIFIER = "Danny-Rivera.ParseChat";
				PRODUCT_NAME = "$(TARGET_NAME)";
				SWIFT_VERSION = 4.0;
				TARGETED_DEVICE_FAMILY = "1,2";
			};
			name = Debug;
		};
		3082514A216178BF00106C5F /* Release */ = {
			isa = XCBuildConfiguration;
			baseConfigurationReference = FD75298DEEFC182CC396F3E8 /* Pods-ParseChat.release.xcconfig */;
			buildSettings = {
				ASSETCATALOG_COMPILER_APPICON_NAME = AppIcon;
				CODE_SIGN_STYLE = Automatic;
				INFOPLIST_FILE = ParseChat/Info.plist;
				LD_RUNPATH_SEARCH_PATHS = (
					"$(inherited)",
					"@executable_path/Frameworks",
				);
				PRODUCT_BUNDLE_IDENTIFIER = "Danny-Rivera.ParseChat";
				PRODUCT_NAME = "$(TARGET_NAME)";
				SWIFT_VERSION = 4.0;
				TARGETED_DEVICE_FAMILY = "1,2";
			};
			name = Release;
		};
		3082514C216178BF00106C5F /* Debug */ = {
			isa = XCBuildConfiguration;
			baseConfigurationReference = FD6ABFE5E6F5D759BD2437AF /* Pods-ParseChatTests.debug.xcconfig */;
			buildSettings = {
				ALWAYS_EMBED_SWIFT_STANDARD_LIBRARIES = YES;
				BUNDLE_LOADER = "$(TEST_HOST)";
				CODE_SIGN_STYLE = Automatic;
				INFOPLIST_FILE = ParseChatTests/Info.plist;
				LD_RUNPATH_SEARCH_PATHS = (
					"$(inherited)",
					"@executable_path/Frameworks",
					"@loader_path/Frameworks",
				);
				PRODUCT_BUNDLE_IDENTIFIER = "Danny-Rivera.ParseChatTests";
				PRODUCT_NAME = "$(TARGET_NAME)";
				SWIFT_VERSION = 4.0;
				TARGETED_DEVICE_FAMILY = "1,2";
				TEST_HOST = "$(BUILT_PRODUCTS_DIR)/ParseChat.app/ParseChat";
			};
			name = Debug;
		};
		3082514D216178BF00106C5F /* Release */ = {
			isa = XCBuildConfiguration;
			baseConfigurationReference = 691B70D77734854A9E841A89 /* Pods-ParseChatTests.release.xcconfig */;
			buildSettings = {
				ALWAYS_EMBED_SWIFT_STANDARD_LIBRARIES = YES;
				BUNDLE_LOADER = "$(TEST_HOST)";
				CODE_SIGN_STYLE = Automatic;
				INFOPLIST_FILE = ParseChatTests/Info.plist;
				LD_RUNPATH_SEARCH_PATHS = (
					"$(inherited)",
					"@executable_path/Frameworks",
					"@loader_path/Frameworks",
				);
				PRODUCT_BUNDLE_IDENTIFIER = "Danny-Rivera.ParseChatTests";
				PRODUCT_NAME = "$(TARGET_NAME)";
				SWIFT_VERSION = 4.0;
				TARGETED_DEVICE_FAMILY = "1,2";
				TEST_HOST = "$(BUILT_PRODUCTS_DIR)/ParseChat.app/ParseChat";
			};
			name = Release;
		};
		3082514F216178BF00106C5F /* Debug */ = {
			isa = XCBuildConfiguration;
			baseConfigurationReference = 8EC356484878C5E90409FCAC /* Pods-ParseChatUITests.debug.xcconfig */;
			buildSettings = {
				ALWAYS_EMBED_SWIFT_STANDARD_LIBRARIES = YES;
				CODE_SIGN_STYLE = Automatic;
				INFOPLIST_FILE = ParseChatUITests/Info.plist;
				LD_RUNPATH_SEARCH_PATHS = (
					"$(inherited)",
					"@executable_path/Frameworks",
					"@loader_path/Frameworks",
				);
				PRODUCT_BUNDLE_IDENTIFIER = "Danny-Rivera.ParseChatUITests";
				PRODUCT_NAME = "$(TARGET_NAME)";
				SWIFT_VERSION = 4.0;
				TARGETED_DEVICE_FAMILY = "1,2";
				TEST_TARGET_NAME = ParseChat;
			};
			name = Debug;
		};
		30825150216178BF00106C5F /* Release */ = {
			isa = XCBuildConfiguration;
			baseConfigurationReference = 87AB874B7177233A7202A19E /* Pods-ParseChatUITests.release.xcconfig */;
			buildSettings = {
				ALWAYS_EMBED_SWIFT_STANDARD_LIBRARIES = YES;
				CODE_SIGN_STYLE = Automatic;
				INFOPLIST_FILE = ParseChatUITests/Info.plist;
				LD_RUNPATH_SEARCH_PATHS = (
					"$(inherited)",
					"@executable_path/Frameworks",
					"@loader_path/Frameworks",
				);
				PRODUCT_BUNDLE_IDENTIFIER = "Danny-Rivera.ParseChatUITests";
				PRODUCT_NAME = "$(TARGET_NAME)";
				SWIFT_VERSION = 4.0;
				TARGETED_DEVICE_FAMILY = "1,2";
				TEST_TARGET_NAME = ParseChat;
			};
			name = Release;
		};
/* End XCBuildConfiguration section */

/* Begin XCConfigurationList section */
		3082511B216178BC00106C5F /* Build configuration list for PBXProject "ParseChat" */ = {
			isa = XCConfigurationList;
			buildConfigurations = (
				30825146216178BF00106C5F /* Debug */,
				30825147216178BF00106C5F /* Release */,
			);
			defaultConfigurationIsVisible = 0;
			defaultConfigurationName = Release;
		};
		30825148216178BF00106C5F /* Build configuration list for PBXNativeTarget "ParseChat" */ = {
			isa = XCConfigurationList;
			buildConfigurations = (
				30825149216178BF00106C5F /* Debug */,
				3082514A216178BF00106C5F /* Release */,
			);
			defaultConfigurationIsVisible = 0;
			defaultConfigurationName = Release;
		};
		3082514B216178BF00106C5F /* Build configuration list for PBXNativeTarget "ParseChatTests" */ = {
			isa = XCConfigurationList;
			buildConfigurations = (
				3082514C216178BF00106C5F /* Debug */,
				3082514D216178BF00106C5F /* Release */,
			);
			defaultConfigurationIsVisible = 0;
			defaultConfigurationName = Release;
		};
		3082514E216178BF00106C5F /* Build configuration list for PBXNativeTarget "ParseChatUITests" */ = {
			isa = XCConfigurationList;
			buildConfigurations = (
				3082514F216178BF00106C5F /* Debug */,
				30825150216178BF00106C5F /* Release */,
			);
			defaultConfigurationIsVisible = 0;
			defaultConfigurationName = Release;
		};
/* End XCConfigurationList section */
	};
	rootObject = 30825118216178BC00106C5F /* Project object */;
}
